
Microsoft Visual Studio Solution File, Format Version 12.00
# Visual Studio 15
Project("{FAE04EC0-301F-11D3-BF4B-00C04F79EFBC}") = "Assembly-CSharp", "Assembly-CSharp.csproj", "{4F4579B2-A4D7-3DB0-79A1-9E3D45589605}"
EndProject
Project("{FAE04EC0-301F-11D3-BF4B-00C04F79EFBC}") = "Unity.Entities", "Unity.Entities.csproj", "{B3BCD86E-8A6C-E73A-EA89-955E250C803E}"
EndProject
Project("{FAE04EC0-301F-11D3-BF4B-00C04F79EFBC}") = "FootStone.TankShared", "FootStone.TankShared.csproj", "{DCF8A6D9-0F13-707F-B15D-F1430D615E0B}"
EndProject
Project("{FAE04EC0-301F-11D3-BF4B-00C04F79EFBC}") = "Unity.Entities.TestComponents", "Unity.Entities.TestComponents.csproj", "{09F7AB7D-1A09-9DF9-825F-90BE1AC68AF5}"
EndProject
Project("{FAE04EC0-301F-11D3-BF4B-00C04F79EFBC}") = "Unity.Entities.Properties", "Unity.Entities.Properties.csproj", "{CAF937EE-4CC8-9BC2-367D-95A161F934E8}"
EndProject
Project("{FAE04EC0-301F-11D3-BF4B-00C04F79EFBC}") = "Unity.Entities.Hybrid", "Unity.Entities.Hybrid.csproj", "{4D49641D-B8F8-F44A-36DC-909465AFAC79}"
EndProject
Project("{FAE04EC0-301F-11D3-BF4B-00C04F79EFBC}") = "Unity.Entities.StaticTypeRegistry", "Unity.Entities.StaticTypeRegistry.csproj", "{58C9B702-675B-BD80-F86E-AA2182C6CC31}"
EndProject
Project("{FAE04EC0-301F-11D3-BF4B-00C04F79EFBC}") = "Unity.Transforms.Hybrid", "Unity.Transforms.Hybrid.csproj", "{8BF910A2-E44F-C46C-124D-361D4E17CF2A}"
EndProject
Project("{FAE04EC0-301F-11D3-BF4B-00C04F79EFBC}") = "Unity.Transforms", "Unity.Transforms.csproj", "{05C8809E-6D48-7539-E191-6AD9E92AEFBE}"
EndProject
Project("{FAE04EC0-301F-11D3-BF4B-00C04F79EFBC}") = "Unity.Mathematics.Extensions.Hybrid", "Unity.Mathematics.Extensions.Hybrid.csproj", "{1DD1E6E0-A373-068B-800F-9AE5B27711D0}"
EndProject
Project("{FAE04EC0-301F-11D3-BF4B-00C04F79EFBC}") = "Unity.Networking.Transport", "Unity.Networking.Transport.csproj", "{4E55D8D2-1C09-4CD3-FA51-93EE51D5AD39}"
EndProject
Project("{FAE04EC0-301F-11D3-BF4B-00C04F79EFBC}") = "Unity.Scenes.Hybrid", "Unity.Scenes.Hybrid.csproj", "{ABBCB58F-4BB4-7543-51BE-274DFCA23644}"
EndProject
Project("{FAE04EC0-301F-11D3-BF4B-00C04F79EFBC}") = "Unity.Mathematics.Extensions", "Unity.Mathematics.Extensions.csproj", "{0D9335FA-8041-9F02-8A4E-DC17281BC211}"
EndProject
Project("{FAE04EC0-301F-11D3-BF4B-00C04F79EFBC}") = "Unity.Entities.Editor.Tests", "Unity.Entities.Editor.Tests.csproj", "{36EF3ED5-2CF3-F522-E706-E24DD06F5DAA}"
EndProject
Project("{FAE04EC0-301F-11D3-BF4B-00C04F79EFBC}") = "Unity.Entities.Properties.PerformanceTests", "Unity.Entities.Properties.PerformanceTests.csproj", "{12B2F6E4-2190-BB32-DCD2-F1B22CFCA904}"
EndProject
Project("{FAE04EC0-301F-11D3-BF4B-00C04F79EFBC}") = "Unity.Entities.PerformanceTests", "Unity.Entities.PerformanceTests.csproj", "{F8A75D35-FB69-95D4-0D34-67B5DE0A58C2}"
EndProject
Project("{FAE04EC0-301F-11D3-BF4B-00C04F79EFBC}") = "Unity.Entities.Tests", "Unity.Entities.Tests.csproj", "{C5B8A70B-9EE9-FE2A-CAE3-602EAB430EEA}"
EndProject
Project("{FAE04EC0-301F-11D3-BF4B-00C04F79EFBC}") = "Unity.Entities.Editor", "Unity.Entities.Editor.csproj", "{273D30D3-84D9-E3DD-ED79-D29C0B35D4FA}"
EndProject
Project("{FAE04EC0-301F-11D3-BF4B-00C04F79EFBC}") = "Unity.Scenes.Editor", "Unity.Scenes.Editor.csproj", "{BF06B645-AFCE-46C4-659F-93F4883975B4}"
EndProject
Project("{FAE04EC0-301F-11D3-BF4B-00C04F79EFBC}") = "Unity.Entities.Hybrid.Tests", "Unity.Entities.Hybrid.Tests.csproj", "{35B424A0-5B04-E29A-1922-B06BC5A6D62B}"
EndProject
Project("{FAE04EC0-301F-11D3-BF4B-00C04F79EFBC}") = "Unity.Entities.Properties.Tests", "Unity.Entities.Properties.Tests.csproj", "{6CA3AA2C-BCF4-E412-956C-58C1D2BE6FA9}"
EndProject
Project("{FAE04EC0-301F-11D3-BF4B-00C04F79EFBC}") = "Unity.Entities.BuildUtils", "Unity.Entities.BuildUtils.csproj", "{F0E85311-29E4-E8B7-09F8-964135ADBEE9}"
EndProject
Project("{FAE04EC0-301F-11D3-BF4B-00C04F79EFBC}") = "Unity.Networking.Transport.EditorTests", "Unity.Networking.Transport.EditorTests.csproj", "{BF724B73-7FAE-A756-7CC7-6C9D439D4B7B}"
EndProject
Project("{FAE04EC0-301F-11D3-BF4B-00C04F79EFBC}") = "Unity.Scenes.Tests", "Unity.Scenes.Tests.csproj", "{53EA14EF-BC4F-CC48-EDFA-BD0FE722C72F}"
EndProject
Project("{FAE04EC0-301F-11D3-BF4B-00C04F79EFBC}") = "Assembly-CSharp-Editor", "Assembly-CSharp-Editor.csproj", "{387AC22C-C658-80AB-9C98-F8AC5082FD64}"
EndProject
Project("{FAE04EC0-301F-11D3-BF4B-00C04F79EFBC}") = "Unity.Transforms.Tests", "Unity.Transforms.Tests.csproj", "{264CB229-0E78-EBF3-4ADE-300FF7F5E7B6}"
EndProject
Project("{FAE04EC0-301F-11D3-BF4B-00C04F79EFBC}") = "Unity.Burst.Tests", "Unity.Burst.Tests.csproj", "{643A7C4B-4FC0-67C2-F9FB-42CA4B363774}"
EndProject
Project("{FAE04EC0-301F-11D3-BF4B-00C04F79EFBC}") = "Unity.Transforms.Editor", "Unity.Transforms.Editor.csproj", "{91D97459-9B68-4B17-5CA5-C313321AC070}"
EndProject
Project("{FAE04EC0-301F-11D3-BF4B-00C04F79EFBC}") = "Unity.Transforms.PerformanceTests", "Unity.Transforms.PerformanceTests.csproj", "{FAAB61D4-89CB-795D-5FAF-3E78A5F1F088}"
EndProject
Project("{FAE04EC0-301F-11D3-BF4B-00C04F79EFBC}") = "Unity.Entities.AutoCreation.Tests", "Unity.Entities.AutoCreation.Tests.csproj", "{0FB4CEB8-7EBB-1202-546A-975C41446C54}"
EndProject
Global
	GlobalSection(SolutionConfigurationPlatforms) = preSolution
		Debug|Any CPU = Debug|Any CPU
		Release|Any CPU = Release|Any CPU
	EndGlobalSection
	GlobalSection(ProjectConfigurationPlatforms) = postSolution
		{4F4579B2-A4D7-3DB0-79A1-9E3D45589605}.Debug|Any CPU.ActiveCfg = Debug|Any CPU
		{4F4579B2-A4D7-3DB0-79A1-9E3D45589605}.Debug|Any CPU.Build.0 = Debug|Any CPU
		{4F4579B2-A4D7-3DB0-79A1-9E3D45589605}.Release|Any CPU.ActiveCfg = Release|Any CPU
		{4F4579B2-A4D7-3DB0-79A1-9E3D45589605}.Release|Any CPU.Build.0 = Release|Any CPU
		{B3BCD86E-8A6C-E73A-EA89-955E250C803E}.Debug|Any CPU.ActiveCfg = Debug|Any CPU
		{B3BCD86E-8A6C-E73A-EA89-955E250C803E}.Debug|Any CPU.Build.0 = Debug|Any CPU
		{B3BCD86E-8A6C-E73A-EA89-955E250C803E}.Release|Any CPU.ActiveCfg = Release|Any CPU
		{B3BCD86E-8A6C-E73A-EA89-955E250C803E}.Release|Any CPU.Build.0 = Release|Any CPU
		{DCF8A6D9-0F13-707F-B15D-F1430D615E0B}.Debug|Any CPU.ActiveCfg = Debug|Any CPU
		{DCF8A6D9-0F13-707F-B15D-F1430D615E0B}.Debug|Any CPU.Build.0 = Debug|Any CPU
		{DCF8A6D9-0F13-707F-B15D-F1430D615E0B}.Release|Any CPU.ActiveCfg = Release|Any CPU
		{DCF8A6D9-0F13-707F-B15D-F1430D615E0B}.Release|Any CPU.Build.0 = Release|Any CPU
		{09F7AB7D-1A09-9DF9-825F-90BE1AC68AF5}.Debug|Any CPU.ActiveCfg = Debug|Any CPU
		{09F7AB7D-1A09-9DF9-825F-90BE1AC68AF5}.Debug|Any CPU.Build.0 = Debug|Any CPU
		{09F7AB7D-1A09-9DF9-825F-90BE1AC68AF5}.Release|Any CPU.ActiveCfg = Release|Any CPU
		{09F7AB7D-1A09-9DF9-825F-90BE1AC68AF5}.Release|Any CPU.Build.0 = Release|Any CPU
		{CAF937EE-4CC8-9BC2-367D-95A161F934E8}.Debug|Any CPU.ActiveCfg = Debug|Any CPU
		{CAF937EE-4CC8-9BC2-367D-95A161F934E8}.Debug|Any CPU.Build.0 = Debug|Any CPU
		{CAF937EE-4CC8-9BC2-367D-95A161F934E8}.Release|Any CPU.ActiveCfg = Release|Any CPU
		{CAF937EE-4CC8-9BC2-367D-95A161F934E8}.Release|Any CPU.Build.0 = Release|Any CPU
		{4D49641D-B8F8-F44A-36DC-909465AFAC79}.Debug|Any CPU.ActiveCfg = Debug|Any CPU
		{4D49641D-B8F8-F44A-36DC-909465AFAC79}.Debug|Any CPU.Build.0 = Debug|Any CPU
		{4D49641D-B8F8-F44A-36DC-909465AFAC79}.Release|Any CPU.ActiveCfg = Release|Any CPU
		{4D49641D-B8F8-F44A-36DC-909465AFAC79}.Release|Any CPU.Build.0 = Release|Any CPU
		{58C9B702-675B-BD80-F86E-AA2182C6CC31}.Debug|Any CPU.ActiveCfg = Debug|Any CPU
		{58C9B702-675B-BD80-F86E-AA2182C6CC31}.Debug|Any CPU.Build.0 = Debug|Any CPU
		{58C9B702-675B-BD80-F86E-AA2182C6CC31}.Release|Any CPU.ActiveCfg = Release|Any CPU
		{58C9B702-675B-BD80-F86E-AA2182C6CC31}.Release|Any CPU.Build.0 = Release|Any CPU
		{8BF910A2-E44F-C46C-124D-361D4E17CF2A}.Debug|Any CPU.ActiveCfg = Debug|Any CPU
		{8BF910A2-E44F-C46C-124D-361D4E17CF2A}.Debug|Any CPU.Build.0 = Debug|Any CPU
		{8BF910A2-E44F-C46C-124D-361D4E17CF2A}.Release|Any CPU.ActiveCfg = Release|Any CPU
		{8BF910A2-E44F-C46C-124D-361D4E17CF2A}.Release|Any CPU.Build.0 = Release|Any CPU
		{05C8809E-6D48-7539-E191-6AD9E92AEFBE}.Debug|Any CPU.ActiveCfg = Debug|Any CPU
		{05C8809E-6D48-7539-E191-6AD9E92AEFBE}.Debug|Any CPU.Build.0 = Debug|Any CPU
		{05C8809E-6D48-7539-E191-6AD9E92AEFBE}.Release|Any CPU.ActiveCfg = Release|Any CPU
		{05C8809E-6D48-7539-E191-6AD9E92AEFBE}.Release|Any CPU.Build.0 = Release|Any CPU
		{1DD1E6E0-A373-068B-800F-9AE5B27711D0}.Debug|Any CPU.ActiveCfg = Debug|Any CPU
		{1DD1E6E0-A373-068B-800F-9AE5B27711D0}.Debug|Any CPU.Build.0 = Debug|Any CPU
		{1DD1E6E0-A373-068B-800F-9AE5B27711D0}.Release|Any CPU.ActiveCfg = Release|Any CPU
		{1DD1E6E0-A373-068B-800F-9AE5B27711D0}.Release|Any CPU.Build.0 = Release|Any CPU
		{4E55D8D2-1C09-4CD3-FA51-93EE51D5AD39}.Debug|Any CPU.ActiveCfg = Debug|Any CPU
		{4E55D8D2-1C09-4CD3-FA51-93EE51D5AD39}.Debug|Any CPU.Build.0 = Debug|Any CPU
		{4E55D8D2-1C09-4CD3-FA51-93EE51D5AD39}.Release|Any CPU.ActiveCfg = Release|Any CPU
		{4E55D8D2-1C09-4CD3-FA51-93EE51D5AD39}.Release|Any CPU.Build.0 = Release|Any CPU
		{ABBCB58F-4BB4-7543-51BE-274DFCA23644}.Debug|Any CPU.ActiveCfg = Debug|Any CPU
		{ABBCB58F-4BB4-7543-51BE-274DFCA23644}.Debug|Any CPU.Build.0 = Debug|Any CPU
		{ABBCB58F-4BB4-7543-51BE-274DFCA23644}.Release|Any CPU.ActiveCfg = Release|Any CPU
		{ABBCB58F-4BB4-7543-51BE-274DFCA23644}.Release|Any CPU.Build.0 = Release|Any CPU
		{0D9335FA-8041-9F02-8A4E-DC17281BC211}.Debug|Any CPU.ActiveCfg = Debug|Any CPU
		{0D9335FA-8041-9F02-8A4E-DC17281BC211}.Debug|Any CPU.Build.0 = Debug|Any CPU
		{0D9335FA-8041-9F02-8A4E-DC17281BC211}.Release|Any CPU.ActiveCfg = Release|Any CPU
		{0D9335FA-8041-9F02-8A4E-DC17281BC211}.Release|Any CPU.Build.0 = Release|Any CPU
		{36EF3ED5-2CF3-F522-E706-E24DD06F5DAA}.Debug|Any CPU.ActiveCfg = Debug|Any CPU
		{36EF3ED5-2CF3-F522-E706-E24DD06F5DAA}.Debug|Any CPU.Build.0 = Debug|Any CPU
		{36EF3ED5-2CF3-F522-E706-E24DD06F5DAA}.Release|Any CPU.ActiveCfg = Release|Any CPU
		{36EF3ED5-2CF3-F522-E706-E24DD06F5DAA}.Release|Any CPU.Build.0 = Release|Any CPU
		{12B2F6E4-2190-BB32-DCD2-F1B22CFCA904}.Debug|Any CPU.ActiveCfg = Debug|Any CPU
		{12B2F6E4-2190-BB32-DCD2-F1B22CFCA904}.Debug|Any CPU.Build.0 = Debug|Any CPU
		{12B2F6E4-2190-BB32-DCD2-F1B22CFCA904}.Release|Any CPU.ActiveCfg = Release|Any CPU
		{12B2F6E4-2190-BB32-DCD2-F1B22CFCA904}.Release|Any CPU.Build.0 = Release|Any CPU
		{F8A75D35-FB69-95D4-0D34-67B5DE0A58C2}.Debug|Any CPU.ActiveCfg = Debug|Any CPU
		{F8A75D35-FB69-95D4-0D34-67B5DE0A58C2}.Debug|Any CPU.Build.0 = Debug|Any CPU
		{F8A75D35-FB69-95D4-0D34-67B5DE0A58C2}.Release|Any CPU.ActiveCfg = Release|Any CPU
		{F8A75D35-FB69-95D4-0D34-67B5DE0A58C2}.Release|Any CPU.Build.0 = Release|Any CPU
		{C5B8A70B-9EE9-FE2A-CAE3-602EAB430EEA}.Debug|Any CPU.ActiveCfg = Debug|Any CPU
		{C5B8A70B-9EE9-FE2A-CAE3-602EAB430EEA}.Debug|Any CPU.Build.0 = Debug|Any CPU
		{C5B8A70B-9EE9-FE2A-CAE3-602EAB430EEA}.Release|Any CPU.ActiveCfg = Release|Any CPU
		{C5B8A70B-9EE9-FE2A-CAE3-602EAB430EEA}.Release|Any CPU.Build.0 = Release|Any CPU
		{273D30D3-84D9-E3DD-ED79-D29C0B35D4FA}.Debug|Any CPU.ActiveCfg = Debug|Any CPU
		{273D30D3-84D9-E3DD-ED79-D29C0B35D4FA}.Debug|Any CPU.Build.0 = Debug|Any CPU
		{273D30D3-84D9-E3DD-ED79-D29C0B35D4FA}.Release|Any CPU.ActiveCfg = Release|Any CPU
		{273D30D3-84D9-E3DD-ED79-D29C0B35D4FA}.Release|Any CPU.Build.0 = Release|Any CPU
		{BF06B645-AFCE-46C4-659F-93F4883975B4}.Debug|Any CPU.ActiveCfg = Debug|Any CPU
		{BF06B645-AFCE-46C4-659F-93F4883975B4}.Debug|Any CPU.Build.0 = Debug|Any CPU
		{BF06B645-AFCE-46C4-659F-93F4883975B4}.Release|Any CPU.ActiveCfg = Release|Any CPU
		{BF06B645-AFCE-46C4-659F-93F4883975B4}.Release|Any CPU.Build.0 = Release|Any CPU
		{35B424A0-5B04-E29A-1922-B06BC5A6D62B}.Debug|Any CPU.ActiveCfg = Debug|Any CPU
		{35B424A0-5B04-E29A-1922-B06BC5A6D62B}.Debug|Any CPU.Build.0 = Debug|Any CPU
		{35B424A0-5B04-E29A-1922-B06BC5A6D62B}.Release|Any CPU.ActiveCfg = Release|Any CPU
		{35B424A0-5B04-E29A-1922-B06BC5A6D62B}.Release|Any CPU.Build.0 = Release|Any CPU
		{6CA3AA2C-BCF4-E412-956C-58C1D2BE6FA9}.Debug|Any CPU.ActiveCfg = Debug|Any CPU
		{6CA3AA2C-BCF4-E412-956C-58C1D2BE6FA9}.Debug|Any CPU.Build.0 = Debug|Any CPU
		{6CA3AA2C-BCF4-E412-956C-58C1D2BE6FA9}.Release|Any CPU.ActiveCfg = Release|Any CPU
		{6CA3AA2C-BCF4-E412-956C-58C1D2BE6FA9}.Release|Any CPU.Build.0 = Release|Any CPU
		{F0E85311-29E4-E8B7-09F8-964135ADBEE9}.Debug|Any CPU.ActiveCfg = Debug|Any CPU
		{F0E85311-29E4-E8B7-09F8-964135ADBEE9}.Debug|Any CPU.Build.0 = Debug|Any CPU
		{F0E85311-29E4-E8B7-09F8-964135ADBEE9}.Release|Any CPU.ActiveCfg = Release|Any CPU
		{F0E85311-29E4-E8B7-09F8-964135ADBEE9}.Release|Any CPU.Build.0 = Release|Any CPU
		{BF724B73-7FAE-A756-7CC7-6C9D439D4B7B}.Debug|Any CPU.ActiveCfg = Debug|Any CPU
		{BF724B73-7FAE-A756-7CC7-6C9D439D4B7B}.Debug|Any CPU.Build.0 = Debug|Any CPU
		{BF724B73-7FAE-A756-7CC7-6C9D439D4B7B}.Release|Any CPU.ActiveCfg = Release|Any CPU
		{BF724B73-7FAE-A756-7CC7-6C9D439D4B7B}.Release|Any CPU.Build.0 = Release|Any CPU
		{53EA14EF-BC4F-CC48-EDFA-BD0FE722C72F}.Debug|Any CPU.ActiveCfg = Debug|Any CPU
		{53EA14EF-BC4F-CC48-EDFA-BD0FE722C72F}.Debug|Any CPU.Build.0 = Debug|Any CPU
		{53EA14EF-BC4F-CC48-EDFA-BD0FE722C72F}.Release|Any CPU.ActiveCfg = Release|Any CPU
		{53EA14EF-BC4F-CC48-EDFA-BD0FE722C72F}.Release|Any CPU.Build.0 = Release|Any CPU
		{387AC22C-C658-80AB-9C98-F8AC5082FD64}.Debug|Any CPU.ActiveCfg = Debug|Any CPU
		{387AC22C-C658-80AB-9C98-F8AC5082FD64}.Debug|Any CPU.Build.0 = Debug|Any CPU
		{387AC22C-C658-80AB-9C98-F8AC5082FD64}.Release|Any CPU.ActiveCfg = Release|Any CPU
		{387AC22C-C658-80AB-9C98-F8AC5082FD64}.Release|Any CPU.Build.0 = Release|Any CPU
		{264CB229-0E78-EBF3-4ADE-300FF7F5E7B6}.Debug|Any CPU.ActiveCfg = Debug|Any CPU
		{264CB229-0E78-EBF3-4ADE-300FF7F5E7B6}.Debug|Any CPU.Build.0 = Debug|Any CPU
		{264CB229-0E78-EBF3-4ADE-300FF7F5E7B6}.Release|Any CPU.ActiveCfg = Release|Any CPU
		{264CB229-0E78-EBF3-4ADE-300FF7F5E7B6}.Release|Any CPU.Build.0 = Release|Any CPU
		{643A7C4B-4FC0-67C2-F9FB-42CA4B363774}.Debug|Any CPU.ActiveCfg = Debug|Any CPU
		{643A7C4B-4FC0-67C2-F9FB-42CA4B363774}.Debug|Any CPU.Build.0 = Debug|Any CPU
		{643A7C4B-4FC0-67C2-F9FB-42CA4B363774}.Release|Any CPU.ActiveCfg = Release|Any CPU
		{643A7C4B-4FC0-67C2-F9FB-42CA4B363774}.Release|Any CPU.Build.0 = Release|Any CPU
		{91D97459-9B68-4B17-5CA5-C313321AC070}.Debug|Any CPU.ActiveCfg = Debug|Any CPU
		{91D97459-9B68-4B17-5CA5-C313321AC070}.Debug|Any CPU.Build.0 = Debug|Any CPU
		{91D97459-9B68-4B17-5CA5-C313321AC070}.Release|Any CPU.ActiveCfg = Release|Any CPU
		{91D97459-9B68-4B17-5CA5-C313321AC070}.Release|Any CPU.Build.0 = Release|Any CPU
		{FAAB61D4-89CB-795D-5FAF-3E78A5F1F088}.Debug|Any CPU.ActiveCfg = Debug|Any CPU
		{FAAB61D4-89CB-795D-5FAF-3E78A5F1F088}.Debug|Any CPU.Build.0 = Debug|Any CPU
		{FAAB61D4-89CB-795D-5FAF-3E78A5F1F088}.Release|Any CPU.ActiveCfg = Release|Any CPU
		{FAAB61D4-89CB-795D-5FAF-3E78A5F1F088}.Release|Any CPU.Build.0 = Release|Any CPU
		{0FB4CEB8-7EBB-1202-546A-975C41446C54}.Debug|Any CPU.ActiveCfg = Debug|Any CPU
		{0FB4CEB8-7EBB-1202-546A-975C41446C54}.Debug|Any CPU.Build.0 = Debug|Any CPU
		{0FB4CEB8-7EBB-1202-546A-975C41446C54}.Release|Any CPU.ActiveCfg = Release|Any CPU
		{0FB4CEB8-7EBB-1202-546A-975C41446C54}.Release|Any CPU.Build.0 = Release|Any CPU
	EndGlobalSection
	GlobalSection(SolutionProperties) = preSolution
		HideSolutionNode = FALSE
	EndGlobalSection
EndGlobal
